
Microsoft Visual Studio Solution File, Format Version 12.00
# Visual Studio 15
VisualStudioVersion = 15.0.28307.852
MinimumVisualStudioVersion = 10.0.40219.1
Project("{9A19103F-16F7-4668-BE54-9A1E7A4F7556}") = "KolveniershofBACKEND", "KolveniershofBACKEND\KolveniershofBACKEND.csproj", "{F368461B-093D-43F2-A9B8-9E0B3F022CB1}"
EndProject
Project("{FAE04EC0-301F-11D3-BF4B-00C04F79EFBC}") = "KolveniershofBACKEND.Tests", "KolveniershofBACKEND.Tests\KolveniershofBACKEND.Tests.csproj", "{2E269562-1287-484A-A9C8-0E5AED02D923}"
EndProject
Global
	GlobalSection(SolutionConfigurationPlatforms) = preSolution
		Debug|Any CPU = Debug|Any CPU
		Release|Any CPU = Release|Any CPU
	EndGlobalSection
	GlobalSection(ProjectConfigurationPlatforms) = postSolution
		{F368461B-093D-43F2-A9B8-9E0B3F022CB1}.Debug|Any CPU.ActiveCfg = Debug|Any CPU
		{F368461B-093D-43F2-A9B8-9E0B3F022CB1}.Debug|Any CPU.Build.0 = Debug|Any CPU
		{F368461B-093D-43F2-A9B8-9E0B3F022CB1}.Release|Any CPU.ActiveCfg = Release|Any CPU
		{F368461B-093D-43F2-A9B8-9E0B3F022CB1}.Release|Any CPU.Build.0 = Release|Any CPU
		{2E269562-1287-484A-A9C8-0E5AED02D923}.Debug|Any CPU.ActiveCfg = Debug|Any CPU
		{2E269562-1287-484A-A9C8-0E5AED02D923}.Debug|Any CPU.Build.0 = Debug|Any CPU
		{2E269562-1287-484A-A9C8-0E5AED02D923}.Release|Any CPU.ActiveCfg = Release|Any CPU
		{2E269562-1287-484A-A9C8-0E5AED02D923}.Release|Any CPU.Build.0 = Release|Any CPU
	EndGlobalSection
	GlobalSection(SolutionProperties) = preSolution
		HideSolutionNode = FALSE
	EndGlobalSection
	GlobalSection(ExtensibilityGlobals) = postSolution
		SolutionGuid = {7F431B75-F33B-47C4-A845-5D692F0D2AEF}
	EndGlobalSection
EndGlobal
